
Microsoft Visual Studio Solution File, Format Version 12.00
# Visual Studio 15
VisualStudioVersion = 15.0.28010.2026
MinimumVisualStudioVersion = 10.0.40219.1
Project("{FAE04EC0-301F-11D3-BF4B-00C04F79EFBC}") = "HomeWork1", "HomeWork1\HomeWork1.csproj", "{473A87E7-A6E5-49DB-AF32-74E85557ED90}"
EndProject
Global
	GlobalSection(SolutionConfigurationPlatforms) = preSolution
		Debug|Any CPU = Debug|Any CPU
		Release|Any CPU = Release|Any CPU
	EndGlobalSection
	GlobalSection(ProjectConfigurationPlatforms) = postSolution
		{473A87E7-A6E5-49DB-AF32-74E85557ED90}.Debug|Any CPU.ActiveCfg = Debug|Any CPU
		{473A87E7-A6E5-49DB-AF32-74E85557ED90}.Debug|Any CPU.Build.0 = Debug|Any CPU
		{473A87E7-A6E5-49DB-AF32-74E85557ED90}.Release|Any CPU.ActiveCfg = Release|Any CPU
		{473A87E7-A6E5-49DB-AF32-74E85557ED90}.Release|Any CPU.Build.0 = Release|Any CPU
	EndGlobalSection
	GlobalSection(SolutionProperties) = preSolution
		HideSolutionNode = FALSE
	EndGlobalSection
	GlobalSection(ExtensibilityGlobals) = postSolution
		SolutionGuid = {6DA58496-9288-4A59-BF3C-05FD5D2253C2}
	EndGlobalSection
EndGlobal
