
Microsoft Visual Studio Solution File, Format Version 12.00
# Visual Studio 15
VisualStudioVersion = 15.0.28010.2026
MinimumVisualStudioVersion = 10.0.40219.1
Project("{FAE04EC0-301F-11D3-BF4B-00C04F79EFBC}") = "Z1", "Z1\Z1.csproj", "{BFC19512-105D-4E71-8668-0D1437CFD029}"
EndProject
Global
	GlobalSection(SolutionConfigurationPlatforms) = preSolution
		Debug|Any CPU = Debug|Any CPU
		Release|Any CPU = Release|Any CPU
	EndGlobalSection
	GlobalSection(ProjectConfigurationPlatforms) = postSolution
		{BFC19512-105D-4E71-8668-0D1437CFD029}.Debug|Any CPU.ActiveCfg = Debug|Any CPU
		{BFC19512-105D-4E71-8668-0D1437CFD029}.Debug|Any CPU.Build.0 = Debug|Any CPU
		{BFC19512-105D-4E71-8668-0D1437CFD029}.Release|Any CPU.ActiveCfg = Release|Any CPU
		{BFC19512-105D-4E71-8668-0D1437CFD029}.Release|Any CPU.Build.0 = Release|Any CPU
	EndGlobalSection
	GlobalSection(SolutionProperties) = preSolution
		HideSolutionNode = FALSE
	EndGlobalSection
	GlobalSection(ExtensibilityGlobals) = postSolution
		SolutionGuid = {6F78B861-C575-45B1-9E54-76C138EFF734}
	EndGlobalSection
EndGlobal
